
Microsoft Visual Studio Solution File, Format Version 12.00
# Visual Studio 15
VisualStudioVersion = 15.0.27703.2035
MinimumVisualStudioVersion = 10.0.40219.1
Project("{FAE04EC0-301F-11D3-BF4B-00C04F79EFBC}") = "Following Tutorial", "Following Tutorial\Following Tutorial.csproj", "{8E746379-7721-490D-A634-4B01F4791D3F}"
EndProject
Global
	GlobalSection(SolutionConfigurationPlatforms) = preSolution
		Debug|Any CPU = Debug|Any CPU
		Release|Any CPU = Release|Any CPU
	EndGlobalSection
	GlobalSection(ProjectConfigurationPlatforms) = postSolution
		{8E746379-7721-490D-A634-4B01F4791D3F}.Debug|Any CPU.ActiveCfg = Debug|Any CPU
		{8E746379-7721-490D-A634-4B01F4791D3F}.Debug|Any CPU.Build.0 = Debug|Any CPU
		{8E746379-7721-490D-A634-4B01F4791D3F}.Release|Any CPU.ActiveCfg = Release|Any CPU
		{8E746379-7721-490D-A634-4B01F4791D3F}.Release|Any CPU.Build.0 = Release|Any CPU
	EndGlobalSection
	GlobalSection(SolutionProperties) = preSolution
		HideSolutionNode = FALSE
	EndGlobalSection
	GlobalSection(ExtensibilityGlobals) = postSolution
		SolutionGuid = {DA65DF99-C4E3-4D02-B885-329FAA5F4789}
	EndGlobalSection
EndGlobal
